{
    "hash": "00ae463f96665ef21e418ca171f3d696",
    "packages": [
        {
            "name": "doctrine/common",
            "version": "2.3.x-dev",
            "source": {
                "type": "git",
                "url": "https://github.com/doctrine/common",
                "reference": "bb0aebbf234db52df476a2b473d434745b34221c"
            },
            "dist": {
                "type": "zip",
                "url": "https://api.github.com/repos/doctrine/common/zipball/bb0aebbf234db52df476a2b473d434745b34221c",
                "reference": "bb0aebbf234db52df476a2b473d434745b34221c",
                "shasum": ""
            },
            "require": {
                "php": ">=5.3.2"
            },
            "time": "2012-09-20 05:55:18",
            "type": "library",
            "extra": {
                "branch-alias": {
                    "dev-master": "2.3.x-dev"
                }
            },
            "autoload": {
                "psr-0": {
                    "Doctrine\\Common": "lib/"
                }
            },
            "notification-url": "https://packagist.org/downloads/",
            "license": [
                "MIT"
            ],
            "authors": [
                {
                    "name": "Jonathan Wage",
                    "email": "jonwage@gmail.com",
                    "homepage": "http://www.jwage.com/"
                },
                {
                    "name": "Guilherme Blanco",
                    "email": "guilhermeblanco@gmail.com",
                    "homepage": "http://www.instaclick.com"
                },
                {
                    "name": "Roman Borschel",
                    "email": "roman@code-factory.org"
                },
                {
                    "name": "Benjamin Eberlei",
                    "email": "kontakt@beberlei.de"
                },
                {
                    "name": "Johannes Schmitt",
                    "email": "schmittjoh@gmail.com",
                    "homepage": "https://github.com/schmittjoh",
                    "role": "Developer of wrapped JMSSerializerBundle"
                }
            ],
            "description": "Common Library for Doctrine projects",
            "homepage": "http://www.doctrine-project.org",
            "keywords": [
                "annotations",
                "collections",
                "eventmanager",
                "persistence",
                "spl"
            ]
        },
        {
            "name": "doctrine/data-fixtures",
            "version": "dev-master",
            "source": {
                "type": "git",
                "url": "https://github.com/doctrine/data-fixtures.git",
                "reference": "689bc2ae2a41dff1107d9d50e2daa4c349222869"
            },
            "dist": {
                "type": "zip",
                "url": "https://api.github.com/repos/doctrine/data-fixtures/zipball/689bc2ae2a41dff1107d9d50e2daa4c349222869",
                "reference": "689bc2ae2a41dff1107d9d50e2daa4c349222869",
                "shasum": ""
            },
            "require": {
                "doctrine/common": ">=2.2,<2.5-dev",
                "php": ">=5.3.2"
            },
            "require-dev": {
                "doctrine/orm": ">=2.2,<2.5-dev"
            },
            "suggest": {
                "doctrine/mongodb-odm": "For loading MongoDB ODM fixtures",
                "doctrine/orm": "For loading ORM fixtures",
                "doctrine/phpcr-odm": "For loading PHPCR ODM fixtures"
            },
            "time": "2013-02-12 02:52:36",
            "type": "library",
            "extra": {
                "branch-alias": {
                    "dev-master": "1.0.x-dev"
                }
            },
            "autoload": {
                "psr-0": {
                    "Doctrine\\Common\\DataFixtures": "lib/"
                }
            },
            "notification-url": "https://packagist.org/downloads/",
            "license": [
                "MIT"
            ],
            "authors": [
                {
                    "name": "Jonathan Wage",
                    "email": "jonwage@gmail.com",
                    "homepage": "http://www.jwage.com/"
                }
            ],
            "description": "Data Fixtures for all Doctrine Object Managers",
            "homepage": "http://www.doctrine-project.org",
            "keywords": [
                "database"
            ]
        },
        {
            "name": "doctrine/dbal",
            "version": "2.3.x-dev",
            "source": {
                "type": "git",
                "url": "https://github.com/doctrine/dbal",
                "reference": "fd45c6f6baa618d871f3201fabe76df5043abb1e"
            },
            "dist": {
                "type": "zip",
                "url": "https://api.github.com/repos/doctrine/dbal/zipball/fd45c6f6baa618d871f3201fabe76df5043abb1e",
                "reference": "fd45c6f6baa618d871f3201fabe76df5043abb1e",
                "shasum": ""
            },
            "require": {
                "doctrine/common": "2.3.*",
                "php": ">=5.3.2"
            },
            "time": "2013-01-20 11:50:36",
            "type": "library",
            "extra": {
                "branch-alias": {
                    "dev-master": "2.3.x-dev"
                }
            },
            "autoload": {
                "psr-0": {
                    "Doctrine\\DBAL": "lib/"
                }
            },
            "notification-url": "https://packagist.org/downloads/",
            "license": [
                "MIT"
            ],
            "authors": [
                {
                    "name": "Jonathan Wage",
                    "email": "jonwage@gmail.com",
                    "homepage": "http://www.jwage.com/"
                },
                {
                    "name": "Guilherme Blanco",
                    "email": "guilhermeblanco@gmail.com",
                    "homepage": "http://www.instaclick.com"
                },
                {
                    "name": "Roman Borschel",
                    "email": "roman@code-factory.org"
                },
                {
                    "name": "Benjamin Eberlei",
                    "email": "kontakt@beberlei.de"
                }
            ],
            "description": "Database Abstraction Layer",
            "homepage": "http://www.doctrine-project.org",
            "keywords": [
                "database",
                "dbal",
                "persistence",
                "queryobject"
            ]
        },
        {
            "name": "doctrine/doctrine-bundle",
            "version": "dev-master",
            "target-dir": "Doctrine/Bundle/DoctrineBundle",
            "source": {
                "type": "git",
                "url": "git://github.com/doctrine/DoctrineBundle.git",
                "reference": "v1.2.0-beta1"
            },
            "dist": {
                "type": "zip",
                "url": "https://api.github.com/repos/doctrine/DoctrineBundle/zipball/v1.2.0-beta1",
                "reference": "v1.2.0-beta1",
                "shasum": ""
            },
            "require": {
                "doctrine/dbal": ">=2.2,<2.5-dev",
                "jdorn/sql-formatter": ">=1.1,<2.0",
                "php": ">=5.3.2",
                "symfony/doctrine-bridge": "2.2.*",
                "symfony/framework-bundle": ">=2.2.0-beta2,<2.3-dev"
            },
            "require-dev": {
                "doctrine/orm": ">=2.2,<2.5-dev",
                "symfony/validator": "2.2.*",
                "symfony/yaml": "2.2.*"
            },
            "suggest": {
                "doctrine/orm": "The Doctrine ORM integration is optional in the bundle.",
                "symfony/web-profiler-bundle": "to use the data collector"
            },
            "time": "2013-01-12 14:41:19",
            "type": "symfony-bundle",
            "extra": {
                "branch-alias": {
                    "dev-master": "1.2.x-dev"
                }
            },
            "autoload": {
                "psr-0": {
                    "Doctrine\\Bundle\\DoctrineBundle": ""
                }
            },
            "notification-url": "https://packagist.org/downloads/",
            "license": [
                "MIT"
            ],
            "authors": [
                {
                    "name": "Fabien Potencier",
                    "email": "fabien@symfony.com"
                },
                {
                    "name": "Symfony Community",
                    "homepage": "http://symfony.com/contributors"
                },
                {
                    "name": "Benjamin Eberlei",
                    "email": "kontakt@beberlei.de"
                }
            ],
            "description": "Symfony DoctrineBundle",
            "homepage": "http://www.doctrine-project.org",
            "keywords": [
                "database",
                "dbal",
                "orm",
                "persistence"
            ]
        },
        {
            "name": "doctrine/doctrine-fixtures-bundle",
            "version": "dev-master",
            "target-dir": "Doctrine/Bundle/FixturesBundle",
            "source": {
                "type": "git",
                "url": "https://github.com/doctrine/DoctrineFixturesBundle.git",
                "reference": "275540d96599baec19fa3292c4d06c5cd4eefd06"
            },
            "dist": {
                "type": "zip",
                "url": "https://api.github.com/repos/doctrine/DoctrineFixturesBundle/zipball/275540d96599baec19fa3292c4d06c5cd4eefd06",
                "reference": "275540d96599baec19fa3292c4d06c5cd4eefd06",
                "shasum": ""
            },
            "require": {
                "doctrine/data-fixtures": "*",
                "doctrine/doctrine-bundle": ">=1.0,<2.0",
                "php": ">=5.3.2",
                "symfony/doctrine-bridge": ">=2.1.0,<2.3-dev"
            },
            "time": "2013-02-12 11:13:27",
            "type": "symfony-bundle",
            "extra": {
                "branch-alias": {
                    "dev-master": "2.1.x-dev"
                }
            },
            "autoload": {
                "psr-0": {
                    "Doctrine\\Bundle\\FixturesBundle": ""
                }
            },
            "notification-url": "https://packagist.org/downloads/",
            "license": [
                "MIT"
            ],
            "authors": [
                {
                    "name": "Fabien Potencier",
                    "email": "fabien@symfony.com"
                },
                {
                    "name": "Symfony Community",
                    "homepage": "http://symfony.com/contributors"
                },
                {
                    "name": "Doctrine Project",
                    "homepage": "http://www.doctrine-project.org"
                }
            ],
            "description": "Symfony DoctrineFixturesBundle",
            "homepage": "http://www.doctrine-project.org",
            "keywords": [
                "Fixture",
                "persistence"
            ]
        },
        {
            "name": "doctrine/orm",
            "version": "2.3.x-dev",
            "source": {
                "type": "git",
                "url": "https://github.com/doctrine/doctrine2.git",
                "reference": "304acf0a1af15ebe049231b84a7630c75ecbe62d"
            },
            "dist": {
                "type": "zip",
                "url": "https://api.github.com/repos/doctrine/doctrine2/zipball/304acf0a1af15ebe049231b84a7630c75ecbe62d",
                "reference": "304acf0a1af15ebe049231b84a7630c75ecbe62d",
                "shasum": ""
            },
            "require": {
                "doctrine/dbal": "2.3.*",
                "ext-pdo": "*",
                "php": ">=5.3.2",
                "symfony/console": "2.*"
            },
            "suggest": {
                "symfony/yaml": "If you want to use YAML Metadata Mapping Driver"
            },
            "time": "2013-02-21 18:03:42",
            "bin": [
                "bin/doctrine",
                "bin/doctrine.php"
            ],
            "type": "library",
            "extra": {
                "branch-alias": {
                    "dev-master": "2.3.x-dev"
                }
            },
            "autoload": {
                "psr-0": {
                    "Doctrine\\ORM": "lib/"
                }
            },
            "notification-url": "https://packagist.org/downloads/",
            "license": [
                "MIT"
            ],
            "authors": [
                {
                    "name": "Jonathan Wage",
                    "email": "jonwage@gmail.com",
                    "homepage": "http://www.jwage.com/"
                },
                {
                    "name": "Guilherme Blanco",
                    "email": "guilhermeblanco@gmail.com",
                    "homepage": "http://www.instaclick.com"
                },
                {
                    "name": "Roman Borschel",
                    "email": "roman@code-factory.org"
                },
                {
                    "name": "Benjamin Eberlei",
                    "email": "kontakt@beberlei.de"
                }
            ],
            "description": "Object-Relational-Mapper for PHP",
            "homepage": "http://www.doctrine-project.org",
            "keywords": [
                "database",
                "orm"
            ]
        },
        {
            "name": "jdorn/sql-formatter",
            "version": "dev-master",
            "source": {
                "type": "git",
                "url": "https://github.com/jdorn/sql-formatter.git",
                "reference": "3d8a97325e5894c72dd5c4d4f83dd3722d414d99"
            },
            "dist": {
                "type": "zip",
                "url": "https://api.github.com/repos/jdorn/sql-formatter/zipball/3d8a97325e5894c72dd5c4d4f83dd3722d414d99",
                "reference": "3d8a97325e5894c72dd5c4d4f83dd3722d414d99",
                "shasum": ""
            },
            "require": {
                "php": ">=5.2.4"
            },
            "time": "2013-02-22 05:16:19",
            "type": "library",
            "extra": {
                "branch-alias": {
                    "dev-master": "1.3.x-dev"
                }
            },
            "autoload": {
                "classmap": [
                    "lib"
                ]
            },
            "notification-url": "https://packagist.org/downloads/",
            "license": [
                "LGPL"
            ],
            "authors": [
                {
                    "name": "Jeremy Dorn",
                    "email": "jeremy@jeremydorn.com",
                    "homepage": "http://jeremydorn.com/"
                }
            ],
            "description": "a PHP SQL highlighting library",
            "homepage": "https://github.com/jdorn/sql-formatter/",
            "keywords": [
                "highlight",
                "sql"
            ]
        },
        {
            "name": "monolog/monolog",
            "version": "dev-master",
            "source": {
                "type": "git",
                "url": "https://github.com/Seldaek/monolog.git",
                "reference": "041aa3930f8d2b466ae897440ec9471d5159c5bf"
            },
            "dist": {
                "type": "zip",
                "url": "https://api.github.com/repos/Seldaek/monolog/zipball/041aa3930f8d2b466ae897440ec9471d5159c5bf",
                "reference": "041aa3930f8d2b466ae897440ec9471d5159c5bf",
                "shasum": ""
            },
            "require": {
                "php": ">=5.3.0",
                "psr/log": ">=1.0,<2.0"
            },
            "require-dev": {
                "doctrine/couchdb": "dev-master",
                "mlehner/gelf-php": "1.0.*",
                "raven/raven": "0.3.*"
            },
            "suggest": {
                "doctrine/couchdb": "Allow sending log messages to a CouchDB server",
                "ext-amqp": "Allow sending log messages to an AMQP server (1.0+ required)",
                "ext-mongo": "Allow sending log messages to a MongoDB server",
                "mlehner/gelf-php": "Allow sending log messages to a GrayLog2 server",
                "raven/raven": "Allow sending log messages to a Sentry server"
            },
            "time": "2013-02-26 10:18:11",
            "type": "library",
            "extra": {
                "branch-alias": {
                    "dev-master": "1.4.x-dev"
                }
            },
            "autoload": {
                "psr-0": {
                    "Monolog": "src/"
                }
            },
            "notification-url": "https://packagist.org/downloads/",
            "license": [
                "MIT"
            ],
            "authors": [
                {
                    "name": "Jordi Boggiano",
                    "email": "j.boggiano@seld.be",
                    "homepage": "http://seld.be",
                    "role": "Developer"
                }
            ],
            "description": "Sends your logs to files, sockets, inboxes, databases and various web services",
            "homepage": "http://github.com/Seldaek/monolog",
            "keywords": [
                "log",
                "logging",
                "psr-3"
            ]
        },
        {
            "name": "psr/log",
            "version": "1.0.0",
            "source": {
                "type": "git",
                "url": "https://github.com/php-fig/log",
                "reference": "1.0.0"
            },
            "dist": {
                "type": "zip",
                "url": "https://github.com/php-fig/log/archive/1.0.0.zip",
                "reference": "1.0.0",
                "shasum": ""
            },
            "time": "2012-12-21 11:40:51",
            "type": "library",
            "autoload": {
                "psr-0": {
                    "Psr\\Log\\": ""
                }
            },
            "notification-url": "https://packagist.org/downloads/",
            "license": [
                "MIT"
            ],
            "authors": [
                {
                    "name": "PHP-FIG",
                    "homepage": "http://www.php-fig.org/"
                }
            ],
            "description": "Common interface for logging libraries",
            "keywords": [
                "log",
                "psr",
                "psr-3"
            ]
        },
        {
            "name": "sensio/distribution-bundle",
            "version": "dev-master",
            "target-dir": "Sensio/Bundle/DistributionBundle",
            "source": {
                "type": "git",
                "url": "https://github.com/sensio/SensioDistributionBundle.git",
                "reference": "v2.2.0-RC3"
            },
            "dist": {
                "type": "zip",
                "url": "https://api.github.com/repos/sensio/SensioDistributionBundle/zipball/v2.2.0-RC3",
                "reference": "v2.2.0-RC3",
                "shasum": ""
            },
            "require": {
                "symfony/framework-bundle": "2.2.*"
            },
            "time": "2013-02-11 14:46:49",
            "type": "symfony-bundle",
            "extra": {
                "branch-alias": {
                    "dev-master": "2.2.x-dev"
                }
            },
            "autoload": {
                "psr-0": {
                    "Sensio\\Bundle\\DistributionBundle": ""
                }
            },
            "notification-url": "https://packagist.org/downloads/",
            "license": [
                "MIT"
            ],
            "authors": [
                {
                    "name": "Fabien Potencier",
                    "email": "fabien@symfony.com"
                }
            ],
            "description": "The base bundle for the Symfony Distributions",
            "keywords": [
                "configuration",
                "distribution"
            ]
        },
        {
            "name": "sensio/generator-bundle",
            "version": "dev-master",
            "target-dir": "Sensio/Bundle/GeneratorBundle",
            "source": {
                "type": "git",
                "url": "https://github.com/sensio/SensioGeneratorBundle.git",
                "reference": "v2.2.0-RC3"
            },
            "dist": {
                "type": "zip",
                "url": "https://api.github.com/repos/sensio/SensioGeneratorBundle/zipball/v2.2.0-RC3",
                "reference": "v2.2.0-RC3",
                "shasum": ""
            },
            "require": {
                "symfony/console": ">=2.0,<3.0",
                "symfony/framework-bundle": "2.2.*"
            },
            "require-dev": {
                "doctrine/orm": ">=2.2,<3.0,>=2.2.3",
                "symfony/doctrine-bridge": ">=2.2,<3.0",
                "twig/twig": ">=1.11.0,<2.0"
            },
            "time": "2013-02-22 17:59:21",
            "type": "symfony-bundle",
            "extra": {
                "branch-alias": {
                    "dev-master": "2.2.x-dev"
                }
            },
            "autoload": {
                "psr-0": {
                    "Sensio\\Bundle\\GeneratorBundle": ""
                }
            },
            "notification-url": "https://packagist.org/downloads/",
            "license": [
                "MIT"
            ],
            "authors": [
                {
                    "name": "Fabien Potencier",
                    "email": "fabien@symfony.com"
                }
            ],
            "description": "This bundle generates code for you"
        },
        {
            "name": "symfony/monolog-bundle",
            "version": "dev-master",
            "target-dir": "Symfony/Bundle/MonologBundle",
            "source": {
                "type": "git",
                "url": "https://github.com/symfony/MonologBundle.git",
                "reference": "v2.2.0"
            },
            "dist": {
                "type": "zip",
                "url": "https://api.github.com/repos/symfony/MonologBundle/zipball/v2.2.0",
                "reference": "v2.2.0",
                "shasum": ""
            },
            "require": {
                "monolog/monolog": ">=1.3,<2.0",
                "php": ">=5.3.2",
                "symfony/config": ">=2.2-beta2,<3.0",
                "symfony/dependency-injection": ">=2.2-beta2,<3.0",
                "symfony/monolog-bridge": ">=2.2-beta2,<3.0"
            },
            "require-dev": {
                "symfony/yaml": ">=2.2-beta2,<3.0"
            },
            "time": "2013-02-23 17:18:24",
            "type": "symfony-bundle",
            "extra": {
                "branch-alias": {
                    "dev-master": "2.2.x-dev"
                }
            },
            "autoload": {
                "psr-0": {
                    "Symfony\\Bundle\\MonologBundle": ""
                }
            },
            "notification-url": "https://packagist.org/downloads/",
            "license": [
                "MIT"
            ],
            "authors": [
                {
                    "name": "Fabien Potencier",
                    "email": "fabien@symfony.com"
                },
                {
                    "name": "Symfony Community",
                    "homepage": "http://symfony.com/contributors"
                }
            ],
            "description": "Symfony MonologBundle",
            "homepage": "http://symfony.com",
            "keywords": [
                "log",
                "logging"
            ]
        },
        {
            "name": "symfony/symfony",
            "version": "2.2.x-dev",
            "source": {
                "type": "git",
                "url": "https://github.com/symfony/symfony.git",
                "reference": "49984b6fba5c925b43d36285b40c8ca4295dee42"
            },
            "dist": {
                "type": "zip",
                "url": "https://api.github.com/repos/symfony/symfony/zipball/49984b6fba5c925b43d36285b40c8ca4295dee42",
                "reference": "49984b6fba5c925b43d36285b40c8ca4295dee42",
                "shasum": ""
            },
            "require": {
                "doctrine/common": ">=2.2,<3.0",
                "php": ">=5.3.3",
                "psr/log": ">=1.0,<2.0",
                "twig/twig": ">=1.11.0,<2.0"
            },
            "replace": {
                "symfony/browser-kit": "self.version",
                "symfony/class-loader": "self.version",
                "symfony/config": "self.version",
                "symfony/console": "self.version",
                "symfony/css-selector": "self.version",
                "symfony/dependency-injection": "self.version",
                "symfony/doctrine-bridge": "self.version",
                "symfony/dom-crawler": "self.version",
                "symfony/event-dispatcher": "self.version",
                "symfony/filesystem": "self.version",
                "symfony/finder": "self.version",
                "symfony/form": "self.version",
                "symfony/framework-bundle": "self.version",
                "symfony/http-foundation": "self.version",
                "symfony/http-kernel": "self.version",
                "symfony/locale": "self.version",
                "symfony/monolog-bridge": "self.version",
                "symfony/options-resolver": "self.version",
                "symfony/process": "self.version",
                "symfony/propel1-bridge": "self.version",
                "symfony/property-access": "self.version",
                "symfony/routing": "self.version",
                "symfony/security": "self.version",
                "symfony/security-bundle": "self.version",
                "symfony/serializer": "self.version",
                "symfony/stopwatch": "self.version",
                "symfony/swiftmailer-bridge": "self.version",
                "symfony/templating": "self.version",
                "symfony/translation": "self.version",
                "symfony/twig-bridge": "self.version",
                "symfony/twig-bundle": "self.version",
                "symfony/validator": "self.version",
                "symfony/web-profiler-bundle": "self.version",
                "symfony/yaml": "self.version"
            },
            "require-dev": {
                "doctrine/data-fixtures": "1.0.*",
                "doctrine/dbal": ">=2.2,<3.0",
                "doctrine/orm": ">=2.2,<3.0,>=2.2.3",
                "monolog/monolog": ">=1.3,<2.0",
                "propel/propel1": "1.6.*"
            },
            "time": "2013-03-01 14:58:56",
            "type": "library",
            "extra": {
                "branch-alias": {
                    "dev-master": "2.2-dev"
                }
            },
            "autoload": {
                "psr-0": {
                    "Symfony\\": "src/"
                },
                "classmap": [
                    "src/Symfony/Component/HttpFoundation/Resources/stubs",
                    "src/Symfony/Component/Locale/Resources/stubs"
                ]
            },
            "notification-url": "https://packagist.org/downloads/",
            "license": [
                "MIT"
            ],
            "authors": [
                {
                    "name": "Fabien Potencier",
                    "email": "fabien@symfony.com"
                },
                {
                    "name": "Symfony Community",
                    "homepage": "http://symfony.com/contributors"
                }
            ],
            "description": "The Symfony PHP framework",
            "homepage": "http://symfony.com",
            "keywords": [
                "framework"
            ]
        },
        {
            "name": "twig/twig",
            "version": "dev-master",
            "source": {
                "type": "git",
                "url": "https://github.com/fabpot/Twig.git",
                "reference": "39d94faabcea7d60b90c2996d51e1b6691ab39d2"
            },
            "dist": {
                "type": "zip",
                "url": "https://api.github.com/repos/fabpot/Twig/zipball/39d94faabcea7d60b90c2996d51e1b6691ab39d2",
                "reference": "39d94faabcea7d60b90c2996d51e1b6691ab39d2",
                "shasum": ""
            },
            "require": {
                "php": ">=5.2.4"
            },
            "time": "2013-02-28 14:08:49",
            "type": "library",
            "extra": {
                "branch-alias": {
                    "dev-master": "1.12-dev"
                }
            },
            "autoload": {
                "psr-0": {
                    "Twig_": "lib/"
                }
            },
            "notification-url": "https://packagist.org/downloads/",
            "license": [
                "BSD-3"
            ],
            "authors": [
                {
                    "name": "Fabien Potencier",
                    "email": "fabien@symfony.com"
                },
                {
                    "name": "Armin Ronacher",
                    "email": "armin.ronacher@active-4.com"
                }
            ],
            "description": "Twig, the flexible, fast, and secure template language for PHP",
            "homepage": "http://twig.sensiolabs.org",
            "keywords": [
                "templating"
            ]
        }
    ],
    "packages-dev": null,
    "aliases": [

    ],
    "minimum-stability": "dev",
    "stability-flags": {
        "doctrine/doctrine-fixtures-bundle": 20
    }
}
